// !$*UTF8*$!
{
	archiveVersion = 1;
	classes = {
	};
	objectVersion = 50;
	objects = {

/* Begin PBXBuildFile section */
		084D6A8D233D36B100F87B94 /* AppDelegate.swift in Sources */ = {isa = PBXBuildFile; fileRef = 084D6A8C233D36B100F87B94 /* AppDelegate.swift */; };
		084D6A8F233D36B100F87B94 /* SceneDelegate.swift in Sources */ = {isa = PBXBuildFile; fileRef = 084D6A8E233D36B100F87B94 /* SceneDelegate.swift */; };
		084D6A91233D36B100F87B94 /* ViewController.swift in Sources */ = {isa = PBXBuildFile; fileRef = 084D6A90233D36B100F87B94 /* ViewController.swift */; };
		084D6A94233D36B100F87B94 /* Main.storyboard in Resources */ = {isa = PBXBuildFile; fileRef = 084D6A92233D36B100F87B94 /* Main.storyboard */; };
		084D6A96233D36B300F87B94 /* Assets.xcassets in Resources */ = {isa = PBXBuildFile; fileRef = 084D6A95233D36B300F87B94 /* Assets.xcassets */; };
		084D6A99233D36B300F87B94 /* LaunchScreen.storyboard in Resources */ = {isa = PBXBuildFile; fileRef = 084D6A97233D36B300F87B94 /* LaunchScreen.storyboard */; };
		084D6AA4233D36B300F87B94 /* Collection_View_LabTests.swift in Sources */ = {isa = PBXBuildFile; fileRef = 084D6AA3233D36B300F87B94 /* Collection_View_LabTests.swift */; };
		084D6AB3233D39D800F87B94 /* CountryCollectionViewCell.swift in Sources */ = {isa = PBXBuildFile; fileRef = 084D6AB2233D39D800F87B94 /* CountryCollectionViewCell.swift */; };
		084D6AB6233D482900F87B94 /* NetworkHelper.swift in Sources */ = {isa = PBXBuildFile; fileRef = 084D6AB5233D482900F87B94 /* NetworkHelper.swift */; };
		084D6AB8233D483200F87B94 /* ImageHelper.swift in Sources */ = {isa = PBXBuildFile; fileRef = 084D6AB7233D483200F87B94 /* ImageHelper.swift */; };
		084D6ABA233D483D00F87B94 /* CountryAPIClient.swift in Sources */ = {isa = PBXBuildFile; fileRef = 084D6AB9233D483D00F87B94 /* CountryAPIClient.swift */; };
		084D6ABC233D487E00F87B94 /* AppError.swift in Sources */ = {isa = PBXBuildFile; fileRef = 084D6ABB233D487E00F87B94 /* AppError.swift */; };
		084D6ABE233D490A00F87B94 /* Country.swift in Sources */ = {isa = PBXBuildFile; fileRef = 084D6ABD233D490A00F87B94 /* Country.swift */; };
/* End PBXBuildFile section */

/* Begin PBXContainerItemProxy section */
		084D6AA0233D36B300F87B94 /* PBXContainerItemProxy */ = {
			isa = PBXContainerItemProxy;
			containerPortal = 084D6A81233D36B100F87B94 /* Project object */;
			proxyType = 1;
			remoteGlobalIDString = 084D6A88233D36B100F87B94;
			remoteInfo = "Collection View Lab";
		};
/* End PBXContainerItemProxy section */

/* Begin PBXFileReference section */
		084D6A89233D36B100F87B94 /* Collection View Lab.app */ = {isa = PBXFileReference; explicitFileType = wrapper.application; includeInIndex = 0; path = "Collection View Lab.app"; sourceTree = BUILT_PRODUCTS_DIR; };
		084D6A8C233D36B100F87B94 /* AppDelegate.swift */ = {isa = PBXFileReference; lastKnownFileType = sourcecode.swift; path = AppDelegate.swift; sourceTree = "<group>"; };
		084D6A8E233D36B100F87B94 /* SceneDelegate.swift */ = {isa = PBXFileReference; lastKnownFileType = sourcecode.swift; path = SceneDelegate.swift; sourceTree = "<group>"; };
		084D6A90233D36B100F87B94 /* ViewController.swift */ = {isa = PBXFileReference; lastKnownFileType = sourcecode.swift; path = ViewController.swift; sourceTree = "<group>"; };
		084D6A93233D36B100F87B94 /* Base */ = {isa = PBXFileReference; lastKnownFileType = file.storyboard; name = Base; path = Base.lproj/Main.storyboard; sourceTree = "<group>"; };
		084D6A95233D36B300F87B94 /* Assets.xcassets */ = {isa = PBXFileReference; lastKnownFileType = folder.assetcatalog; path = Assets.xcassets; sourceTree = "<group>"; };
		084D6A98233D36B300F87B94 /* Base */ = {isa = PBXFileReference; lastKnownFileType = file.storyboard; name = Base; path = Base.lproj/LaunchScreen.storyboard; sourceTree = "<group>"; };
		084D6A9A233D36B300F87B94 /* Info.plist */ = {isa = PBXFileReference; lastKnownFileType = text.plist.xml; path = Info.plist; sourceTree = "<group>"; };
		084D6A9F233D36B300F87B94 /* Collection View LabTests.xctest */ = {isa = PBXFileReference; explicitFileType = wrapper.cfbundle; includeInIndex = 0; path = "Collection View LabTests.xctest"; sourceTree = BUILT_PRODUCTS_DIR; };
		084D6AA3233D36B300F87B94 /* Collection_View_LabTests.swift */ = {isa = PBXFileReference; lastKnownFileType = sourcecode.swift; path = Collection_View_LabTests.swift; sourceTree = "<group>"; };
		084D6AA5233D36B300F87B94 /* Info.plist */ = {isa = PBXFileReference; lastKnownFileType = text.plist.xml; path = Info.plist; sourceTree = "<group>"; };
		084D6AB2233D39D800F87B94 /* CountryCollectionViewCell.swift */ = {isa = PBXFileReference; lastKnownFileType = sourcecode.swift; path = CountryCollectionViewCell.swift; sourceTree = "<group>"; };
		084D6AB5233D482900F87B94 /* NetworkHelper.swift */ = {isa = PBXFileReference; lastKnownFileType = sourcecode.swift; path = NetworkHelper.swift; sourceTree = "<group>"; };
		084D6AB7233D483200F87B94 /* ImageHelper.swift */ = {isa = PBXFileReference; lastKnownFileType = sourcecode.swift; path = ImageHelper.swift; sourceTree = "<group>"; };
		084D6AB9233D483D00F87B94 /* CountryAPIClient.swift */ = {isa = PBXFileReference; lastKnownFileType = sourcecode.swift; path = CountryAPIClient.swift; sourceTree = "<group>"; };
		084D6ABB233D487E00F87B94 /* AppError.swift */ = {isa = PBXFileReference; lastKnownFileType = sourcecode.swift; path = AppError.swift; sourceTree = "<group>"; };
		084D6ABD233D490A00F87B94 /* Country.swift */ = {isa = PBXFileReference; lastKnownFileType = sourcecode.swift; path = Country.swift; sourceTree = "<group>"; };
/* End PBXFileReference section */

/* Begin PBXFrameworksBuildPhase section */
		084D6A86233D36B100F87B94 /* Frameworks */ = {
			isa = PBXFrameworksBuildPhase;
			buildActionMask = 2147483647;
			files = (
			);
			runOnlyForDeploymentPostprocessing = 0;
		};
		084D6A9C233D36B300F87B94 /* Frameworks */ = {
			isa = PBXFrameworksBuildPhase;
			buildActionMask = 2147483647;
			files = (
			);
			runOnlyForDeploymentPostprocessing = 0;
		};
/* End PBXFrameworksBuildPhase section */

/* Begin PBXGroup section */
		084D6A80233D36B100F87B94 = {
			isa = PBXGroup;
			children = (
				084D6A8B233D36B100F87B94 /* Collection View Lab */,
				084D6AA2233D36B300F87B94 /* Collection View LabTests */,
				084D6A8A233D36B100F87B94 /* Products */,
			);
			sourceTree = "<group>";
		};
		084D6A8A233D36B100F87B94 /* Products */ = {
			isa = PBXGroup;
			children = (
				084D6A89233D36B100F87B94 /* Collection View Lab.app */,
				084D6A9F233D36B300F87B94 /* Collection View LabTests.xctest */,
			);
			name = Products;
			sourceTree = "<group>";
		};
		084D6A8B233D36B100F87B94 /* Collection View Lab */ = {
			isa = PBXGroup;
			children = (
				084D6AB4233D437700F87B94 /* Network Files */,
				084D6AB1233D39C800F87B94 /* Models */,
				084D6AAF233D394900F87B94 /* View Controllers */,
				084D6AB0233D395100F87B94 /* Views */,
				084D6AAE233D393D00F87B94 /* Supporting Files */,
				084D6A95233D36B300F87B94 /* Assets.xcassets */,
				084D6A9A233D36B300F87B94 /* Info.plist */,
			);
			path = "Collection View Lab";
			sourceTree = "<group>";
		};
		084D6AA2233D36B300F87B94 /* Collection View LabTests */ = {
			isa = PBXGroup;
			children = (
				084D6AA3233D36B300F87B94 /* Collection_View_LabTests.swift */,
				084D6AA5233D36B300F87B94 /* Info.plist */,
			);
			path = "Collection View LabTests";
			sourceTree = "<group>";
		};
		084D6AAE233D393D00F87B94 /* Supporting Files */ = {
			isa = PBXGroup;
			children = (
				084D6A8C233D36B100F87B94 /* AppDelegate.swift */,
				084D6A8E233D36B100F87B94 /* SceneDelegate.swift */,
				084D6A97233D36B300F87B94 /* LaunchScreen.storyboard */,
			);
			path = "Supporting Files";
			sourceTree = "<group>";
		};
		084D6AAF233D394900F87B94 /* View Controllers */ = {
			isa = PBXGroup;
			children = (
				084D6A90233D36B100F87B94 /* ViewController.swift */,
			);
			path = "View Controllers";
			sourceTree = "<group>";
		};
		084D6AB0233D395100F87B94 /* Views */ = {
			isa = PBXGroup;
			children = (
				084D6A92233D36B100F87B94 /* Main.storyboard */,
			);
			path = Views;
			sourceTree = "<group>";
		};
		084D6AB1233D39C800F87B94 /* Models */ = {
			isa = PBXGroup;
			children = (
				084D6AB2233D39D800F87B94 /* CountryCollectionViewCell.swift */,
				084D6ABD233D490A00F87B94 /* Country.swift */,
			);
			path = Models;
			sourceTree = "<group>";
		};
		084D6AB4233D437700F87B94 /* Network Files */ = {
			isa = PBXGroup;
			children = (
				084D6AB9233D483D00F87B94 /* CountryAPIClient.swift */,
				084D6AB5233D482900F87B94 /* NetworkHelper.swift */,
				084D6AB7233D483200F87B94 /* ImageHelper.swift */,
				084D6ABB233D487E00F87B94 /* AppError.swift */,
			);
			path = "Network Files";
			sourceTree = "<group>";
		};
/* End PBXGroup section */

/* Begin PBXNativeTarget section */
		084D6A88233D36B100F87B94 /* Collection View Lab */ = {
			isa = PBXNativeTarget;
			buildConfigurationList = 084D6AA8233D36B300F87B94 /* Build configuration list for PBXNativeTarget "Collection View Lab" */;
			buildPhases = (
				084D6A85233D36B100F87B94 /* Sources */,
				084D6A86233D36B100F87B94 /* Frameworks */,
				084D6A87233D36B100F87B94 /* Resources */,
			);
			buildRules = (
			);
			dependencies = (
			);
			name = "Collection View Lab";
			productName = "Collection View Lab";
			productReference = 084D6A89233D36B100F87B94 /* Collection View Lab.app */;
			productType = "com.apple.product-type.application";
		};
		084D6A9E233D36B300F87B94 /* Collection View LabTests */ = {
			isa = PBXNativeTarget;
			buildConfigurationList = 084D6AAB233D36B300F87B94 /* Build configuration list for PBXNativeTarget "Collection View LabTests" */;
			buildPhases = (
				084D6A9B233D36B300F87B94 /* Sources */,
				084D6A9C233D36B300F87B94 /* Frameworks */,
				084D6A9D233D36B300F87B94 /* Resources */,
			);
			buildRules = (
			);
			dependencies = (
				084D6AA1233D36B300F87B94 /* PBXTargetDependency */,
			);
			name = "Collection View LabTests";
			productName = "Collection View LabTests";
			productReference = 084D6A9F233D36B300F87B94 /* Collection View LabTests.xctest */;
			productType = "com.apple.product-type.bundle.unit-test";
		};
/* End PBXNativeTarget section */

/* Begin PBXProject section */
		084D6A81233D36B100F87B94 /* Project object */ = {
			isa = PBXProject;
			attributes = {
				LastSwiftUpdateCheck = 1100;
				LastUpgradeCheck = 1100;
				ORGANIZATIONNAME = "Jason Ruan";
				TargetAttributes = {
					084D6A88233D36B100F87B94 = {
						CreatedOnToolsVersion = 11.0;
					};
					084D6A9E233D36B300F87B94 = {
						CreatedOnToolsVersion = 11.0;
						TestTargetID = 084D6A88233D36B100F87B94;
					};
				};
			};
			buildConfigurationList = 084D6A84233D36B100F87B94 /* Build configuration list for PBXProject "Collection View Lab" */;
			compatibilityVersion = "Xcode 9.3";
			developmentRegion = en;
			hasScannedForEncodings = 0;
			knownRegions = (
				en,
				Base,
			);
			mainGroup = 084D6A80233D36B100F87B94;
			productRefGroup = 084D6A8A233D36B100F87B94 /* Products */;
			projectDirPath = "";
			projectRoot = "";
			targets = (
				084D6A88233D36B100F87B94 /* Collection View Lab */,
				084D6A9E233D36B300F87B94 /* Collection View LabTests */,
			);
		};
/* End PBXProject section */

/* Begin PBXResourcesBuildPhase section */
		084D6A87233D36B100F87B94 /* Resources */ = {
			isa = PBXResourcesBuildPhase;
			buildActionMask = 2147483647;
			files = (
				084D6A99233D36B300F87B94 /* LaunchScreen.storyboard in Resources */,
				084D6A96233D36B300F87B94 /* Assets.xcassets in Resources */,
				084D6A94233D36B100F87B94 /* Main.storyboard in Resources */,
			);
			runOnlyForDeploymentPostprocessing = 0;
		};
		084D6A9D233D36B300F87B94 /* Resources */ = {
			isa = PBXResourcesBuildPhase;
			buildActionMask = 2147483647;
			files = (
			);
			runOnlyForDeploymentPostprocessing = 0;
		};
/* End PBXResourcesBuildPhase section */

/* Begin PBXSourcesBuildPhase section */
		084D6A85233D36B100F87B94 /* Sources */ = {
			isa = PBXSourcesBuildPhase;
			buildActionMask = 2147483647;
			files = (
				084D6A91233D36B100F87B94 /* ViewController.swift in Sources */,
				084D6ABE233D490A00F87B94 /* Country.swift in Sources */,
				084D6ABA233D483D00F87B94 /* CountryAPIClient.swift in Sources */,
				084D6AB3233D39D800F87B94 /* CountryCollectionViewCell.swift in Sources */,
				084D6AB6233D482900F87B94 /* NetworkHelper.swift in Sources */,
				084D6ABC233D487E00F87B94 /* AppError.swift in Sources */,
				084D6A8D233D36B100F87B94 /* AppDelegate.swift in Sources */,
				084D6A8F233D36B100F87B94 /* SceneDelegate.swift in Sources */,
				084D6AB8233D483200F87B94 /* ImageHelper.swift in Sources */,
			);
			runOnlyForDeploymentPostprocessing = 0;
		};
		084D6A9B233D36B300F87B94 /* Sources */ = {
			isa = PBXSourcesBuildPhase;
			buildActionMask = 2147483647;
			files = (
				084D6AA4233D36B300F87B94 /* Collection_View_LabTests.swift in Sources */,
			);
			runOnlyForDeploymentPostprocessing = 0;
		};
/* End PBXSourcesBuildPhase section */

/* Begin PBXTargetDependency section */
		084D6AA1233D36B300F87B94 /* PBXTargetDependency */ = {
			isa = PBXTargetDependency;
			target = 084D6A88233D36B100F87B94 /* Collection View Lab */;
			targetProxy = 084D6AA0233D36B300F87B94 /* PBXContainerItemProxy */;
		};
/* End PBXTargetDependency section */

/* Begin PBXVariantGroup section */
		084D6A92233D36B100F87B94 /* Main.storyboard */ = {
			isa = PBXVariantGroup;
			children = (
				084D6A93233D36B100F87B94 /* Base */,
			);
			name = Main.storyboard;
			sourceTree = "<group>";
		};
		084D6A97233D36B300F87B94 /* LaunchScreen.storyboard */ = {
			isa = PBXVariantGroup;
			children = (
				084D6A98233D36B300F87B94 /* Base */,
			);
			name = LaunchScreen.storyboard;
			sourceTree = "<group>";
		};
/* End PBXVariantGroup section */

/* Begin XCBuildConfiguration section */
		084D6AA6233D36B300F87B94 /* Debug */ = {
			isa = XCBuildConfiguration;
			buildSettings = {
				ALWAYS_SEARCH_USER_PATHS = NO;
				CLANG_ANALYZER_NONNULL = YES;
				CLANG_ANALYZER_NUMBER_OBJECT_CONVERSION = YES_AGGRESSIVE;
				CLANG_CXX_LANGUAGE_STANDARD = "gnu++14";
				CLANG_CXX_LIBRARY = "libc++";
				CLANG_ENABLE_MODULES = YES;
				CLANG_ENABLE_OBJC_ARC = YES;
				CLANG_ENABLE_OBJC_WEAK = YES;
				CLANG_WARN_BLOCK_CAPTURE_AUTORELEASING = YES;
				CLANG_WARN_BOOL_CONVERSION = YES;
				CLANG_WARN_COMMA = YES;
				CLANG_WARN_CONSTANT_CONVERSION = YES;
				CLANG_WARN_DEPRECATED_OBJC_IMPLEMENTATIONS = YES;
				CLANG_WARN_DIRECT_OBJC_ISA_USAGE = YES_ERROR;
				CLANG_WARN_DOCUMENTATION_COMMENTS = YES;
				CLANG_WARN_EMPTY_BODY = YES;
				CLANG_WARN_ENUM_CONVERSION = YES;
				CLANG_WARN_INFINITE_RECURSION = YES;
				CLANG_WARN_INT_CONVERSION = YES;
				CLANG_WARN_NON_LITERAL_NULL_CONVERSION = YES;
				CLANG_WARN_OBJC_IMPLICIT_RETAIN_SELF = YES;
				CLANG_WARN_OBJC_LITERAL_CONVERSION = YES;
				CLANG_WARN_OBJC_ROOT_CLASS = YES_ERROR;
				CLANG_WARN_RANGE_LOOP_ANALYSIS = YES;
				CLANG_WARN_STRICT_PROTOTYPES = YES;
				CLANG_WARN_SUSPICIOUS_MOVE = YES;
				CLANG_WARN_UNGUARDED_AVAILABILITY = YES_AGGRESSIVE;
				CLANG_WARN_UNREACHABLE_CODE = YES;
				CLANG_WARN__DUPLICATE_METHOD_MATCH = YES;
				COPY_PHASE_STRIP = NO;
				DEBUG_INFORMATION_FORMAT = dwarf;
				ENABLE_STRICT_OBJC_MSGSEND = YES;
				ENABLE_TESTABILITY = YES;
				GCC_C_LANGUAGE_STANDARD = gnu11;
				GCC_DYNAMIC_NO_PIC = NO;
				GCC_NO_COMMON_BLOCKS = YES;
				GCC_OPTIMIZATION_LEVEL = 0;
				GCC_PREPROCESSOR_DEFINITIONS = (
					"DEBUG=1",
					"$(inherited)",
				);
				GCC_WARN_64_TO_32_BIT_CONVERSION = YES;
				GCC_WARN_ABOUT_RETURN_TYPE = YES_ERROR;
				GCC_WARN_UNDECLARED_SELECTOR = YES;
				GCC_WARN_UNINITIALIZED_AUTOS = YES_AGGRESSIVE;
				GCC_WARN_UNUSED_FUNCTION = YES;
				GCC_WARN_UNUSED_VARIABLE = YES;
				IPHONEOS_DEPLOYMENT_TARGET = 13.0;
				MTL_ENABLE_DEBUG_INFO = INCLUDE_SOURCE;
				MTL_FAST_MATH = YES;
				ONLY_ACTIVE_ARCH = YES;
				SDKROOT = iphoneos;
				SWIFT_ACTIVE_COMPILATION_CONDITIONS = DEBUG;
				SWIFT_OPTIMIZATION_LEVEL = "-Onone";
			};
			name = Debug;
		};
		084D6AA7233D36B300F87B94 /* Release */ = {
			isa = XCBuildConfiguration;
			buildSettings = {
				ALWAYS_SEARCH_USER_PATHS = NO;
				CLANG_ANALYZER_NONNULL = YES;
				CLANG_ANALYZER_NUMBER_OBJECT_CONVERSION = YES_AGGRESSIVE;
				CLANG_CXX_LANGUAGE_STANDARD = "gnu++14";
				CLANG_CXX_LIBRARY = "libc++";
				CLANG_ENABLE_MODULES = YES;
				CLANG_ENABLE_OBJC_ARC = YES;
				CLANG_ENABLE_OBJC_WEAK = YES;
				CLANG_WARN_BLOCK_CAPTURE_AUTORELEASING = YES;
				CLANG_WARN_BOOL_CONVERSION = YES;
				CLANG_WARN_COMMA = YES;
				CLANG_WARN_CONSTANT_CONVERSION = YES;
				CLANG_WARN_DEPRECATED_OBJC_IMPLEMENTATIONS = YES;
				CLANG_WARN_DIRECT_OBJC_ISA_USAGE = YES_ERROR;
				CLANG_WARN_DOCUMENTATION_COMMENTS = YES;
				CLANG_WARN_EMPTY_BODY = YES;
				CLANG_WARN_ENUM_CONVERSION = YES;
				CLANG_WARN_INFINITE_RECURSION = YES;
				CLANG_WARN_INT_CONVERSION = YES;
				CLANG_WARN_NON_LITERAL_NULL_CONVERSION = YES;
				CLANG_WARN_OBJC_IMPLICIT_RETAIN_SELF = YES;
				CLANG_WARN_OBJC_LITERAL_CONVERSION = YES;
				CLANG_WARN_OBJC_ROOT_CLASS = YES_ERROR;
				CLANG_WARN_RANGE_LOOP_ANALYSIS = YES;
				CLANG_WARN_STRICT_PROTOTYPES = YES;
				CLANG_WARN_SUSPICIOUS_MOVE = YES;
				CLANG_WARN_UNGUARDED_AVAILABILITY = YES_AGGRESSIVE;
				CLANG_WARN_UNREACHABLE_CODE = YES;
				CLANG_WARN__DUPLICATE_METHOD_MATCH = YES;
				COPY_PHASE_STRIP = NO;
				DEBUG_INFORMATION_FORMAT = "dwarf-with-dsym";
				ENABLE_NS_ASSERTIONS = NO;
				ENABLE_STRICT_OBJC_MSGSEND = YES;
				GCC_C_LANGUAGE_STANDARD = gnu11;
				GCC_NO_COMMON_BLOCKS = YES;
				GCC_WARN_64_TO_32_BIT_CONVERSION = YES;
				GCC_WARN_ABOUT_RETURN_TYPE = YES_ERROR;
				GCC_WARN_UNDECLARED_SELECTOR = YES;
				GCC_WARN_UNINITIALIZED_AUTOS = YES_AGGRESSIVE;
				GCC_WARN_UNUSED_FUNCTION = YES;
				GCC_WARN_UNUSED_VARIABLE = YES;
				IPHONEOS_DEPLOYMENT_TARGET = 13.0;
				MTL_ENABLE_DEBUG_INFO = NO;
				MTL_FAST_MATH = YES;
				SDKROOT = iphoneos;
				SWIFT_COMPILATION_MODE = wholemodule;
				SWIFT_OPTIMIZATION_LEVEL = "-O";
				VALIDATE_PRODUCT = YES;
			};
			name = Release;
		};
		084D6AA9233D36B300F87B94 /* Debug */ = {
			isa = XCBuildConfiguration;
			buildSettings = {
				ASSETCATALOG_COMPILER_APPICON_NAME = AppIcon;
				CODE_SIGN_STYLE = Automatic;
				DEVELOPMENT_TEAM = P7Q76CBS9B;
				INFOPLIST_FILE = "Collection View Lab/Info.plist";
				LD_RUNPATH_SEARCH_PATHS = (
					"$(inherited)",
					"@executable_path/Frameworks",
				);
				PRODUCT_BUNDLE_IDENTIFIER = "collection-views.Collection-View-Lab";
				PRODUCT_NAME = "$(TARGET_NAME)";
				SWIFT_VERSION = 5.0;
				TARGETED_DEVICE_FAMILY = "1,2";
			};
			name = Debug;
		};
		084D6AAA233D36B300F87B94 /* Release */ = {
			isa = XCBuildConfiguration;
			buildSettings = {
				ASSETCATALOG_COMPILER_APPICON_NAME = AppIcon;
				CODE_SIGN_STYLE = Automatic;
				DEVELOPMENT_TEAM = P7Q76CBS9B;
				INFOPLIST_FILE = "Collection View Lab/Info.plist";
				LD_RUNPATH_SEARCH_PATHS = (
					"$(inherited)",
					"@executable_path/Frameworks",
				);
				PRODUCT_BUNDLE_IDENTIFIER = "collection-views.Collection-View-Lab";
				PRODUCT_NAME = "$(TARGET_NAME)";
				SWIFT_VERSION = 5.0;
				TARGETED_DEVICE_FAMILY = "1,2";
			};
			name = Release;
		};
		084D6AAC233D36B300F87B94 /* Debug */ = {
			isa = XCBuildConfiguration;
			buildSettings = {
				ALWAYS_EMBED_SWIFT_STANDARD_LIBRARIES = YES;
				BUNDLE_LOADER = "$(TEST_HOST)";
				CODE_SIGN_STYLE = Automatic;
				DEVELOPMENT_TEAM = P7Q76CBS9B;
				INFOPLIST_FILE = "Collection View LabTests/Info.plist";
				IPHONEOS_DEPLOYMENT_TARGET = 13.0;
				LD_RUNPATH_SEARCH_PATHS = (
					"$(inherited)",
					"@executable_path/Frameworks",
					"@loader_path/Frameworks",
				);
				PRODUCT_BUNDLE_IDENTIFIER = "collection-views.Collection-View-LabTests";
				PRODUCT_NAME = "$(TARGET_NAME)";
				SWIFT_VERSION = 5.0;
				TARGETED_DEVICE_FAMILY = "1,2";
				TEST_HOST = "$(BUILT_PRODUCTS_DIR)/Collection View Lab.app/Collection View Lab";
			};
			name = Debug;
		};
		084D6AAD233D36B300F87B94 /* Release */ = {
			isa = XCBuildConfiguration;
			buildSettings = {
				ALWAYS_EMBED_SWIFT_STANDARD_LIBRARIES = YES;
				BUNDLE_LOADER = "$(TEST_HOST)";
				CODE_SIGN_STYLE = Automatic;
				DEVELOPMENT_TEAM = P7Q76CBS9B;
				INFOPLIST_FILE = "Collection View LabTests/Info.plist";
				IPHONEOS_DEPLOYMENT_TARGET = 13.0;
				LD_RUNPATH_SEARCH_PATHS = (
					"$(inherited)",
					"@executable_path/Frameworks",
					"@loader_path/Frameworks",
				);
				PRODUCT_BUNDLE_IDENTIFIER = "collection-views.Collection-View-LabTests";
				PRODUCT_NAME = "$(TARGET_NAME)";
				SWIFT_VERSION = 5.0;
				TARGETED_DEVICE_FAMILY = "1,2";
				TEST_HOST = "$(BUILT_PRODUCTS_DIR)/Collection View Lab.app/Collection View Lab";
			};
			name = Release;
		};
/* End XCBuildConfiguration section */

/* Begin XCConfigurationList section */
		084D6A84233D36B100F87B94 /* Build configuration list for PBXProject "Collection View Lab" */ = {
			isa = XCConfigurationList;
			buildConfigurations = (
				084D6AA6233D36B300F87B94 /* Debug */,
				084D6AA7233D36B300F87B94 /* Release */,
			);
			defaultConfigurationIsVisible = 0;
			defaultConfigurationName = Release;
		};
		084D6AA8233D36B300F87B94 /* Build configuration list for PBXNativeTarget "Collection View Lab" */ = {
			isa = XCConfigurationList;
			buildConfigurations = (
				084D6AA9233D36B300F87B94 /* Debug */,
				084D6AAA233D36B300F87B94 /* Release */,
			);
			defaultConfigurationIsVisible = 0;
			defaultConfigurationName = Release;
		};
		084D6AAB233D36B300F87B94 /* Build configuration list for PBXNativeTarget "Collection View LabTests" */ = {
			isa = XCConfigurationList;
			buildConfigurations = (
				084D6AAC233D36B300F87B94 /* Debug */,
				084D6AAD233D36B300F87B94 /* Release */,
			);
			defaultConfigurationIsVisible = 0;
			defaultConfigurationName = Release;
		};
/* End XCConfigurationList section */
	};
	rootObject = 084D6A81233D36B100F87B94 /* Project object */;
}
